{
  "nodes": {
    "flake-utils": {
      "locked": {
        "lastModified": 1652776076,
        "narHash": "sha256-gzTw/v1vj4dOVbpBSJX4J0DwUR6LIyXo7/SuuTJp1kM=",
        "owner": "numtide",
        "repo": "flake-utils",
        "rev": "04c1b180862888302ddfb2e3ad9eaa63afc60cf8",
        "type": "github"
      },
      "original": {
        "owner": "numtide",
        "ref": "v1.0.0",
        "repo": "flake-utils",
        "type": "github"
      }
    },
    "nixpkgs": {
      "locked": {
        "lastModified": 1700814814,
        "narHash": "sha256-Wqmj6iJjWZ0dHsA/Hjs8+1Sco/eo9f1qVvlSVfaQqWM=",
        "owner": "NixOS",
        "repo": "nixpkgs",
        "rev": "ffcadd021d929dd87dcc3a3fc39098e13cbc8f60",
        "type": "github"
      },
      "original": {
        "id": "nixpkgs",
        "rev": "ffcadd021d929dd87dcc3a3fc39098e13cbc8f60",
        "type": "indirect"
      }
    },
    "root": {
      "inputs": {
        "flake-utils": "flake-utils",
        "nixpkgs": "nixpkgs"
      }
    }
  },
  "root": "root",
  "version": 7
}
